
Microsoft Visual Studio Solution File, Format Version 12.00
# Visual Studio Version 17
VisualStudioVersion = 17.4.33110.190
MinimumVisualStudioVersion = 10.0.40219.1
Project("{FAE04EC0-301F-11D3-BF4B-00C04F79EFBC}") = "VCSAssignment", "VCSAssignment\VCSAssignment.csproj", "{56984413-7E10-4FEC-995D-FDE89F0C3324}"
EndProject
Global
	GlobalSection(SolutionConfigurationPlatforms) = preSolution
		Debug|Any CPU = Debug|Any CPU
		Release|Any CPU = Release|Any CPU
	EndGlobalSection
	GlobalSection(ProjectConfigurationPlatforms) = postSolution
		{56984413-7E10-4FEC-995D-FDE89F0C3324}.Debug|Any CPU.ActiveCfg = Debug|Any CPU
		{56984413-7E10-4FEC-995D-FDE89F0C3324}.Debug|Any CPU.Build.0 = Debug|Any CPU
		{56984413-7E10-4FEC-995D-FDE89F0C3324}.Release|Any CPU.ActiveCfg = Release|Any CPU
		{56984413-7E10-4FEC-995D-FDE89F0C3324}.Release|Any CPU.Build.0 = Release|Any CPU
	EndGlobalSection
	GlobalSection(SolutionProperties) = preSolution
		HideSolutionNode = FALSE
	EndGlobalSection
	GlobalSection(ExtensibilityGlobals) = postSolution
		SolutionGuid = {BD9D01AD-8C9B-4F59-AB7A-B6703885143D}
	EndGlobalSection
EndGlobal
